dependencies:
- name: kuberay-operator
  repository: https://ray-project.github.io/kuberay-helm/
  version: 0.5.0
- name: fluent-bit
  repository: https://fluent.github.io/helm-charts
  version: 0.30.4
digest: sha256:783ee9d1e368934a7c41770d07b5c7e8b97c10bce0587fdc515ff492eb7b2a64
generated: "2023-06-08T11:31:25.45141-04:00"
