dependencies:
- name: kuberay-operator
  repository: https://ray-project.github.io/kuberay-helm/
  version: 1.0.0
- name: fluent-bit
  repository: https://fluent.github.io/helm-charts
  version: 0.30.4
- name: gpu-operator
  repository: https://nvidia.github.io/gpu-operator
  version: v23.3.2
- name: codeflare-core
  repository: file://./core
  version: 0.0.1
- name: mcad-controller
  repository: file://./mcad-controller
  version: 0.1.0
- name: codeflare-s3
  repository: file://./s3
  version: 0.0.1
- name: scheduler-plugins
  repository: file://./scheduler-plugins/manifests/install/charts/as-a-second-scheduler/
  version: 0.26.7
- name: jaas-prereqs-1
  repository: file://./prereqs1
  version: 0.0.1
- name: jaas-prereqs-2
  repository: file://./prereqs2
  version: 0.0.1
- name: dlf-chart
  repository: file://./datashim
  version: 0.1.0
- name: codeflare-defaults
  repository: file://./defaults
  version: 0.0.1
- name: jaas-default-user
  repository: file://./default-user
  version: 0.0.1
digest: sha256:0d77197eb5dcb15b0c158a172c4e0da48bf5c77dc44388a04228cd754bc7ab4d
generated: "2024-03-01T17:43:52.339838-05:00"
