dependencies:
- name: kuberay-operator
  repository: https://ray-project.github.io/kuberay-helm/
  version: 0.5.0
- name: fluent-bit
  repository: https://fluent.github.io/helm-charts
  version: 0.30.4
- name: kube-fledged
  repository: https://senthilrch.github.io/kubefledged-charts
  version: v0.10.0
- name: gpu-operator
  repository: https://nvidia.github.io/gpu-operator
  version: v23.3.2
- name: spark-operator
  repository: https://googlecloudplatform.github.io/spark-on-k8s-operator
  version: 1.1.27
- name: codeflare-core
  repository: file://./core
  version: 0.0.1
- name: mcad-controller
  repository: file://./mcad-controller
  version: 0.1.0
- name: codeflare-s3
  repository: file://./s3
  version: 0.0.1
- name: scheduler-plugins
  repository: file://./co-scheduler
  version: 0.25.7
- name: dlf-chart
  repository: file://./datashim
  version: 0.1.0
- name: codeflare-defaults
  repository: file://./defaults
  version: 0.0.1
- name: codeflare-examples
  repository: file://./examples
  version: 0.0.1
digest: sha256:d739c4d20d711bbd082f91d20dd253d9d48ffb44e7f9e871e16dd2298602e45f
generated: "2023-10-17T13:18:39.058564-04:00"
